{
  "version": 4,
  "terraform_version": "0.14.6",
  "serial": 7,
  "lineage": "f0c9089b-111b-1f53-83bf-b6342014eb9b",
  "outputs": {
    "kubernetes_cluster_host": {
      "value": "35.233.39.246",
      "type": "string"
    },
    "kubernetes_cluster_name": {
      "value": "projecto-demo-290916-gke",
      "type": "string"
    },
    "project_id": {
      "value": "projecto-demo-290916",
      "type": "string"
    },
    "region": {
      "value": "europe-west1",
      "type": "string"
    }
  },
  "resources": [
    {
      "mode": "managed",
      "type": "google_compute_network",
      "name": "vpc",
      "provider": "provider[\"registry.terraform.io/hashicorp/google\"]",
      "instances": [
        {
          "schema_version": 0,
          "attributes": {
            "auto_create_subnetworks": false,
            "delete_default_routes_on_create": false,
            "description": "",
            "gateway_ipv4": "",
            "id": "projects/projecto-demo-290916/global/networks/projecto-demo-290916-vpc",
            "mtu": 0,
            "name": "projecto-demo-290916-vpc",
            "project": "projecto-demo-290916",
            "routing_mode": "REGIONAL",
            "self_link": "https://www.googleapis.com/compute/v1/projects/projecto-demo-290916/global/networks/projecto-demo-290916-vpc",
            "timeouts": null
          },
          "sensitive_attributes": [],
          "private": "eyJlMmJmYjczMC1lY2FhLTExZTYtOGY4OC0zNDM2M2JjN2M0YzAiOnsiY3JlYXRlIjoyNDAwMDAwMDAwMDAsImRlbGV0ZSI6MjQwMDAwMDAwMDAwLCJ1cGRhdGUiOjI0MDAwMDAwMDAwMH19"
        }
      ]
    },
    {
      "mode": "managed",
      "type": "google_compute_subnetwork",
      "name": "subnet",
      "provider": "provider[\"registry.terraform.io/hashicorp/google\"]",
      "instances": [
        {
          "schema_version": 0,
          "attributes": {
            "creation_timestamp": "2021-02-21T13:20:13.623-08:00",
            "description": "",
            "fingerprint": null,
            "gateway_address": "10.10.0.1",
            "id": "projects/projecto-demo-290916/regions/europe-west1/subnetworks/projecto-demo-290916-subnet",
            "ip_cidr_range": "10.10.0.0/24",
            "log_config": [],
            "name": "projecto-demo-290916-subnet",
            "network": "https://www.googleapis.com/compute/v1/projects/projecto-demo-290916/global/networks/projecto-demo-290916-vpc",
            "private_ip_google_access": false,
            "private_ipv6_google_access": "DISABLE_GOOGLE_ACCESS",
            "project": "projecto-demo-290916",
            "region": "europe-west1",
            "secondary_ip_range": [],
            "self_link": "https://www.googleapis.com/compute/v1/projects/projecto-demo-290916/regions/europe-west1/subnetworks/projecto-demo-290916-subnet",
            "timeouts": null
          },
          "sensitive_attributes": [],
          "private": "eyJlMmJmYjczMC1lY2FhLTExZTYtOGY4OC0zNDM2M2JjN2M0YzAiOnsiY3JlYXRlIjozNjAwMDAwMDAwMDAsImRlbGV0ZSI6MzYwMDAwMDAwMDAwLCJ1cGRhdGUiOjM2MDAwMDAwMDAwMH19",
          "dependencies": [
            "google_compute_network.vpc"
          ]
        }
      ]
    },
    {
      "mode": "managed",
      "type": "google_container_cluster",
      "name": "primary",
      "provider": "provider[\"registry.terraform.io/hashicorp/google\"]",
      "instances": [
        {
          "schema_version": 1,
          "attributes": {
            "addons_config": [
              {
                "cloudrun_config": [],
                "horizontal_pod_autoscaling": [],
                "http_load_balancing": [],
                "network_policy_config": [
                  {
                    "disabled": true
                  }
                ]
              }
            ],
            "authenticator_groups_config": [],
            "cluster_autoscaling": [
              {
                "auto_provisioning_defaults": [],
                "enabled": false,
                "resource_limits": []
              }
            ],
            "cluster_ipv4_cidr": "10.168.0.0/14",
            "database_encryption": [
              {
                "key_name": "",
                "state": "DECRYPTED"
              }
            ],
            "default_max_pods_per_node": null,
            "description": "",
            "enable_binary_authorization": false,
            "enable_intranode_visibility": null,
            "enable_kubernetes_alpha": false,
            "enable_legacy_abac": false,
            "enable_shielded_nodes": false,
            "enable_tpu": null,
            "endpoint": "35.233.39.246",
            "id": "projects/projecto-demo-290916/locations/europe-west1/clusters/projecto-demo-290916-gke",
            "initial_node_count": 1,
            "instance_group_urls": [
              "https://www.googleapis.com/compute/v1/projects/projecto-demo-290916/zones/europe-west1-d/instanceGroups/gke-projecto-demo-29-projecto-demo-29-a182deb0-grp",
              "https://www.googleapis.com/compute/v1/projects/projecto-demo-290916/zones/europe-west1-b/instanceGroups/gke-projecto-demo-29-projecto-demo-29-930707b0-grp",
              "https://www.googleapis.com/compute/v1/projects/projecto-demo-290916/zones/europe-west1-c/instanceGroups/gke-projecto-demo-29-projecto-demo-29-90d82153-grp"
            ],
            "ip_allocation_policy": [],
            "label_fingerprint": "a9dc16a7",
            "location": "europe-west1",
            "logging_service": "logging.googleapis.com/kubernetes",
            "maintenance_policy": [],
            "master_auth": [
              {
                "client_certificate": "",
                "client_certificate_config": [
                  {
                    "issue_client_certificate": false
                  }
                ],
                "client_key": "",
                "cluster_ca_certificate": "LS0tLS1CRUdJTiBDRVJUSUZJQ0FURS0tLS0tCk1JSURLakNDQWhLZ0F3SUJBZ0lRTWRJcUttTkIxSDRMVVU1SzBFOWNLekFOQmdrcWhraUc5dzBCQVFzRkFEQXYKTVMwd0t3WURWUVFERXlSbE9ETTNNVFU1WXkxaE16WTNMVFF5TURndE9UWTFNQzB6TURSalptTTFaVFZsTVdJdwpIaGNOTWpFd01qSXhNakF5TURNMldoY05Nall3TWpJd01qRXlNRE0yV2pBdk1TMHdLd1lEVlFRREV5UmxPRE0zCk1UVTVZeTFoTXpZM0xUUXlNRGd0T1RZMU1DMHpNRFJqWm1NMVpUVmxNV0l3Z2dFaU1BMEdDU3FHU0liM0RRRUIKQVFVQUE0SUJEd0F3Z2dFS0FvSUJBUUM5V2pyUnF2S0I3TitIOWZLT3RrdWFYTXdac0YxRmFtL3lOVGF2dTl0bwpUYjBJK3AzYUZzNjVQc2ZibTFla04zTStyNkp2V2NYK21IQkxoVmw3SnV3RW5SSTEwQ2FNQ0hGc2ltMHBXekIyClBwQmk4aXQwMlpFMnZseEcza0dMUithckIxZkRTaGMzYWx4M1FDR1pGcHN4TDhuV0VIT0dQeUtYTzBXSmdSNFAKb25lRWdWeFZ4bmRiK0dBbi9tVjhGOU1NOFFXUXdia1BLVWpOUEYxRzA5TEVOeG5PbmJGc1F5YWZwTGZ6TnN0dgpqTFRjTW5FQ2xHRjlaZzlabnFpd2FFbkwwTWRvNWtJWndzNEZyNDdBYWtXSFp0dUF3VVIybnJIUVpDdHhUWGJ6CkNqaCtrQldvRUpSNW4zNW9nR0tkRGNYWWhQU2ZtN3dtSlRnaVBWWHd3Q283QWdNQkFBR2pRakJBTUE0R0ExVWQKRHdFQi93UUVBd0lDQkRBUEJnTlZIUk1CQWY4RUJUQURBUUgvTUIwR0ExVWREZ1FXQkJSRFllOXdGdklKdFFpVApZV3phbzB0UWoxaG9RREFOQmdrcWhraUc5dzBCQVFzRkFBT0NBUUVBWUV2WjdKa1VkMzlzUWZhajU3N1BxYlBuCmhiOHZhV042UW1rT0daSlp3SjQ4NWZjVzIyMCtaVWlhM2hvRisyNUZpSklwa014ckY0bVNMTUYya1hJS2cwOUUKWE9IMy9abzhPZjBJNGNSTmdJNE5iWFBIMk83OFhoWGpaaGU1MzZlaXUzcWxmYWk5WkhMVUpoMzVwQkNwQWplYwp5blpaN1pScVBud0ptZGk2Ung0dnVpUmVKSnozWXYrZnlxbWcvc2IycnVlTklSUHE3WTA5WHo2cVB4Z3diVkwxCjBaYWdlTGRBMXI2UWoraFB5SU1zTEpzd0p1ZmRIclFBbVM5cXV6dldIdGFkQm9mbTdRbUNRSUQxdkMvR3k1QmwKQXltcEg0dmFBc2NWWHVsVS9HcXBFcURvdFNQM2dvRGVCSkpnRU1XdjlvYjFJU3Z1Zng0SUlOb3l5RVFVQlE9PQotLS0tLUVORCBDRVJUSUZJQ0FURS0tLS0tCg==",
                "password": "",
                "username": ""
              }
            ],
            "master_authorized_networks_config": [],
            "master_version": "1.18.12-gke.1210",
            "min_master_version": null,
            "monitoring_service": "monitoring.googleapis.com/kubernetes",
            "name": "projecto-demo-290916-gke",
            "network": "projects/projecto-demo-290916/global/networks/projecto-demo-290916-vpc",
            "network_policy": [
              {
                "enabled": false,
                "provider": "PROVIDER_UNSPECIFIED"
              }
            ],
            "node_config": [
              {
                "disk_size_gb": 100,
                "disk_type": "pd-standard",
                "guest_accelerator": [],
                "image_type": "COS",
                "labels": {
                  "env": "projecto-demo-290916"
                },
                "local_ssd_count": 0,
                "machine_type": "e2-small",
                "metadata": {
                  "disable-legacy-endpoints": "true"
                },
                "min_cpu_platform": "",
                "oauth_scopes": [
                  "https://www.googleapis.com/auth/logging.write",
                  "https://www.googleapis.com/auth/monitoring"
                ],
                "preemptible": false,
                "service_account": "default",
                "shielded_instance_config": [
                  {
                    "enable_integrity_monitoring": true,
                    "enable_secure_boot": false
                  }
                ],
                "tags": [
                  "gke-node",
                  "projecto-demo-290916-gke"
                ],
                "taint": [],
                "workload_metadata_config": []
              }
            ],
            "node_locations": [
              "europe-west1-b",
              "europe-west1-c",
              "europe-west1-d"
            ],
            "node_pool": [
              {
                "autoscaling": [],
                "initial_node_count": 1,
                "instance_group_urls": [
                  "https://www.googleapis.com/compute/v1/projects/projecto-demo-290916/zones/europe-west1-d/instanceGroupManagers/gke-projecto-demo-29-projecto-demo-29-a182deb0-grp",
                  "https://www.googleapis.com/compute/v1/projects/projecto-demo-290916/zones/europe-west1-b/instanceGroupManagers/gke-projecto-demo-29-projecto-demo-29-930707b0-grp",
                  "https://www.googleapis.com/compute/v1/projects/projecto-demo-290916/zones/europe-west1-c/instanceGroupManagers/gke-projecto-demo-29-projecto-demo-29-90d82153-grp"
                ],
                "management": [
                  {
                    "auto_repair": true,
                    "auto_upgrade": true
                  }
                ],
                "max_pods_per_node": 0,
                "name": "projecto-demo-290916-gke-node-pool",
                "name_prefix": "",
                "node_config": [
                  {
                    "disk_size_gb": 100,
                    "disk_type": "pd-standard",
                    "guest_accelerator": [],
                    "image_type": "COS",
                    "labels": {
                      "env": "projecto-demo-290916"
                    },
                    "local_ssd_count": 0,
                    "machine_type": "e2-small",
                    "metadata": {
                      "disable-legacy-endpoints": "true"
                    },
                    "min_cpu_platform": "",
                    "oauth_scopes": [
                      "https://www.googleapis.com/auth/logging.write",
                      "https://www.googleapis.com/auth/monitoring"
                    ],
                    "preemptible": false,
                    "service_account": "default",
                    "shielded_instance_config": [
                      {
                        "enable_integrity_monitoring": true,
                        "enable_secure_boot": false
                      }
                    ],
                    "tags": [
                      "gke-node",
                      "projecto-demo-290916-gke"
                    ],
                    "taint": [],
                    "workload_metadata_config": []
                  }
                ],
                "node_count": 1,
                "node_locations": [
                  "europe-west1-b",
                  "europe-west1-c",
                  "europe-west1-d"
                ],
                "upgrade_settings": [
                  {
                    "max_surge": 1,
                    "max_unavailable": 0
                  }
                ],
                "version": "1.18.12-gke.1210"
              }
            ],
            "node_version": "1.18.12-gke.1210",
            "operation": null,
            "pod_security_policy_config": [],
            "private_cluster_config": [],
            "project": "projecto-demo-290916",
            "release_channel": [
              {
                "channel": "REGULAR"
              }
            ],
            "remove_default_node_pool": true,
            "resource_labels": {},
            "resource_usage_export_config": [],
            "self_link": "https://container.googleapis.com/v1beta1/projects/projecto-demo-290916/locations/europe-west1/clusters/projecto-demo-290916-gke",
            "services_ipv4_cidr": "10.171.240.0/20",
            "subnetwork": "projects/projecto-demo-290916/regions/europe-west1/subnetworks/projecto-demo-290916-subnet",
            "timeouts": null,
            "vertical_pod_autoscaling": [],
            "workload_identity_config": []
          },
          "sensitive_attributes": [],
          "private": "eyJlMmJmYjczMC1lY2FhLTExZTYtOGY4OC0zNDM2M2JjN2M0YzAiOnsiY3JlYXRlIjoyNDAwMDAwMDAwMDAwLCJkZWxldGUiOjI0MDAwMDAwMDAwMDAsInJlYWQiOjI0MDAwMDAwMDAwMDAsInVwZGF0ZSI6MzYwMDAwMDAwMDAwMH0sInNjaGVtYV92ZXJzaW9uIjoiMSJ9",
          "dependencies": [
            "google_compute_network.vpc",
            "google_compute_subnetwork.subnet"
          ]
        }
      ]
    },
    {
      "mode": "managed",
      "type": "google_container_node_pool",
      "name": "primary_nodes",
      "provider": "provider[\"registry.terraform.io/hashicorp/google\"]",
      "instances": [
        {
          "schema_version": 1,
          "attributes": {
            "autoscaling": [],
            "cluster": "projecto-demo-290916-gke",
            "id": "projects/projecto-demo-290916/locations/europe-west1/clusters/projecto-demo-290916-gke/nodePools/projecto-demo-290916-gke-node-pool",
            "initial_node_count": 1,
            "instance_group_urls": [
              "https://www.googleapis.com/compute/v1/projects/projecto-demo-290916/zones/europe-west1-d/instanceGroupManagers/gke-projecto-demo-29-projecto-demo-29-a182deb0-grp",
              "https://www.googleapis.com/compute/v1/projects/projecto-demo-290916/zones/europe-west1-b/instanceGroupManagers/gke-projecto-demo-29-projecto-demo-29-930707b0-grp",
              "https://www.googleapis.com/compute/v1/projects/projecto-demo-290916/zones/europe-west1-c/instanceGroupManagers/gke-projecto-demo-29-projecto-demo-29-90d82153-grp"
            ],
            "location": "europe-west1",
            "management": [
              {
                "auto_repair": true,
                "auto_upgrade": true
              }
            ],
            "max_pods_per_node": null,
            "name": "projecto-demo-290916-gke-node-pool",
            "name_prefix": "",
            "node_config": [
              {
                "disk_size_gb": 100,
                "disk_type": "pd-standard",
                "guest_accelerator": [],
                "image_type": "COS",
                "labels": {
                  "env": "projecto-demo-290916"
                },
                "local_ssd_count": 0,
                "machine_type": "e2-small",
                "metadata": {
                  "disable-legacy-endpoints": "true"
                },
                "min_cpu_platform": "",
                "oauth_scopes": [
                  "https://www.googleapis.com/auth/logging.write",
                  "https://www.googleapis.com/auth/monitoring"
                ],
                "preemptible": false,
                "service_account": "default",
                "shielded_instance_config": [
                  {
                    "enable_integrity_monitoring": true,
                    "enable_secure_boot": false
                  }
                ],
                "tags": [
                  "gke-node",
                  "projecto-demo-290916-gke"
                ],
                "taint": [],
                "workload_metadata_config": []
              }
            ],
            "node_count": 1,
            "node_locations": [
              "europe-west1-b",
              "europe-west1-c",
              "europe-west1-d"
            ],
            "project": "projecto-demo-290916",
            "timeouts": null,
            "upgrade_settings": [
              {
                "max_surge": 1,
                "max_unavailable": 0
              }
            ],
            "version": "1.18.12-gke.1210"
          },
          "sensitive_attributes": [],
          "private": "eyJlMmJmYjczMC1lY2FhLTExZTYtOGY4OC0zNDM2M2JjN2M0YzAiOnsiY3JlYXRlIjoxODAwMDAwMDAwMDAwLCJkZWxldGUiOjE4MDAwMDAwMDAwMDAsInVwZGF0ZSI6MTgwMDAwMDAwMDAwMH0sInNjaGVtYV92ZXJzaW9uIjoiMSJ9",
          "dependencies": [
            "google_compute_network.vpc",
            "google_compute_subnetwork.subnet",
            "google_container_cluster.primary"
          ]
        }
      ]
    }
  ]
}
