{
  "version": 4,
  "terraform_version": "0.14.4",
  "serial": 203,
  "lineage": "f0c9089b-111b-1f53-83bf-b6342014eb9b",
  "outputs": {
    "kubernetes_cluster_host": {
      "value": "35.205.206.94",
      "type": "string"
    },
    "kubernetes_cluster_name": {
      "value": "projecto-demo-290916-gke",
      "type": "string"
    },
    "project_id": {
      "value": "projecto-demo-290916",
      "type": "string"
    },
    "region": {
      "value": "europe-west1",
      "type": "string"
    }
  },
  "resources": [
    {
      "mode": "managed",
      "type": "google_compute_firewall",
      "name": "allow_http",
      "provider": "provider[\"registry.terraform.io/hashicorp/google\"]",
      "instances": [
        {
          "schema_version": 1,
          "attributes": {
            "allow": [
              {
                "ports": [
                  "80",
                  "8080"
                ],
                "protocol": "tcp"
              }
            ],
            "creation_timestamp": "2021-04-10T10:32:09.929-07:00",
            "deny": [],
            "description": "",
            "destination_ranges": [],
            "direction": "INGRESS",
            "disabled": false,
            "enable_logging": null,
            "id": "projects/projecto-demo-290916/global/firewalls/allow-htt",
            "log_config": [],
            "name": "allow-htt",
            "network": "https://www.googleapis.com/compute/v1/projects/projecto-demo-290916/global/networks/projecto-demo-290916-vpc",
            "priority": 1000,
            "project": "projecto-demo-290916",
            "self_link": "https://www.googleapis.com/compute/v1/projects/projecto-demo-290916/global/firewalls/allow-htt",
            "source_ranges": [
              "0.0.0.0/0"
            ],
            "source_service_accounts": [],
            "source_tags": [],
            "target_service_accounts": [],
            "target_tags": [],
            "timeouts": null
          },
          "sensitive_attributes": [],
          "private": "eyJlMmJmYjczMC1lY2FhLTExZTYtOGY4OC0zNDM2M2JjN2M0YzAiOnsiY3JlYXRlIjoyNDAwMDAwMDAwMDAsImRlbGV0ZSI6MjQwMDAwMDAwMDAwLCJ1cGRhdGUiOjI0MDAwMDAwMDAwMH0sInNjaGVtYV92ZXJzaW9uIjoiMSJ9",
          "dependencies": [
            "google_compute_network.vpc"
          ]
        }
      ]
    },
    {
      "mode": "managed",
      "type": "google_compute_network",
      "name": "vpc",
      "provider": "provider[\"registry.terraform.io/hashicorp/google\"]",
      "instances": [
        {
          "schema_version": 0,
          "attributes": {
            "auto_create_subnetworks": false,
            "delete_default_routes_on_create": false,
            "description": "",
            "gateway_ipv4": "",
            "id": "projects/projecto-demo-290916/global/networks/projecto-demo-290916-vpc",
            "mtu": 0,
            "name": "projecto-demo-290916-vpc",
            "project": "projecto-demo-290916",
            "routing_mode": "REGIONAL",
            "self_link": "https://www.googleapis.com/compute/v1/projects/projecto-demo-290916/global/networks/projecto-demo-290916-vpc",
            "timeouts": null
          },
          "sensitive_attributes": [],
          "private": "eyJlMmJmYjczMC1lY2FhLTExZTYtOGY4OC0zNDM2M2JjN2M0YzAiOnsiY3JlYXRlIjoyNDAwMDAwMDAwMDAsImRlbGV0ZSI6MjQwMDAwMDAwMDAwLCJ1cGRhdGUiOjI0MDAwMDAwMDAwMH19"
        }
      ]
    },
    {
      "mode": "managed",
      "type": "google_compute_subnetwork",
      "name": "subnet",
      "provider": "provider[\"registry.terraform.io/hashicorp/google\"]",
      "instances": [
        {
          "schema_version": 0,
          "attributes": {
            "creation_timestamp": "2021-04-10T10:32:09.849-07:00",
            "description": "",
            "fingerprint": null,
            "gateway_address": "10.10.0.1",
            "id": "projects/projecto-demo-290916/regions/europe-west1/subnetworks/projecto-demo-290916-subnet",
            "ip_cidr_range": "10.10.0.0/24",
            "log_config": [],
            "name": "projecto-demo-290916-subnet",
            "network": "https://www.googleapis.com/compute/v1/projects/projecto-demo-290916/global/networks/projecto-demo-290916-vpc",
            "private_ip_google_access": false,
            "private_ipv6_google_access": "DISABLE_GOOGLE_ACCESS",
            "project": "projecto-demo-290916",
            "region": "europe-west1",
            "secondary_ip_range": [],
            "self_link": "https://www.googleapis.com/compute/v1/projects/projecto-demo-290916/regions/europe-west1/subnetworks/projecto-demo-290916-subnet",
            "timeouts": null
          },
          "sensitive_attributes": [],
          "private": "eyJlMmJmYjczMC1lY2FhLTExZTYtOGY4OC0zNDM2M2JjN2M0YzAiOnsiY3JlYXRlIjozNjAwMDAwMDAwMDAsImRlbGV0ZSI6MzYwMDAwMDAwMDAwLCJ1cGRhdGUiOjM2MDAwMDAwMDAwMH19",
          "dependencies": [
            "google_compute_network.vpc"
          ]
        }
      ]
    },
    {
      "mode": "managed",
      "type": "google_container_cluster",
      "name": "primary",
      "provider": "provider[\"registry.terraform.io/hashicorp/google\"]",
      "instances": [
        {
          "schema_version": 1,
          "attributes": {
            "addons_config": [
              {
                "cloudrun_config": [],
                "horizontal_pod_autoscaling": [],
                "http_load_balancing": [],
                "network_policy_config": [
                  {
                    "disabled": true
                  }
                ]
              }
            ],
            "authenticator_groups_config": [],
            "cluster_autoscaling": [
              {
                "auto_provisioning_defaults": [],
                "enabled": false,
                "resource_limits": []
              }
            ],
            "cluster_ipv4_cidr": "10.152.0.0/14",
            "database_encryption": [
              {
                "key_name": "",
                "state": "DECRYPTED"
              }
            ],
            "default_max_pods_per_node": null,
            "description": "",
            "enable_binary_authorization": false,
            "enable_intranode_visibility": null,
            "enable_kubernetes_alpha": false,
            "enable_legacy_abac": false,
            "enable_shielded_nodes": false,
            "enable_tpu": null,
            "endpoint": "35.205.206.94",
            "id": "projects/projecto-demo-290916/locations/europe-west1-b/clusters/projecto-demo-290916-gke",
            "initial_node_count": 1,
            "instance_group_urls": [
              "https://www.googleapis.com/compute/v1/projects/projecto-demo-290916/zones/europe-west1-b/instanceGroups/gke-projecto-demo-29-projecto-demo-29-25df8634-grp"
            ],
            "ip_allocation_policy": [],
            "label_fingerprint": "a9dc16a7",
            "location": "europe-west1-b",
            "logging_service": "logging.googleapis.com/kubernetes",
            "maintenance_policy": [],
            "master_auth": [
              {
                "client_certificate": "",
                "client_certificate_config": [
                  {
                    "issue_client_certificate": false
                  }
                ],
                "client_key": "",
                "cluster_ca_certificate": "LS0tLS1CRUdJTiBDRVJUSUZJQ0FURS0tLS0tCk1JSURLekNDQWhPZ0F3SUJBZ0lSQUl2VlZvRVg5ZlVWUWc4ZVpuZmRFbmt3RFFZSktvWklodmNOQVFFTEJRQXcKTHpFdE1Dc0dBMVVFQXhNa1pEWTFNVEJsWkRNdFptWXdZUzAwWVRCaUxXSXhOMkV0T1RBMFlURmpNMlF5Wm1JeQpNQjRYRFRJeE1EUXhNREUyTXpJeU1sb1hEVEkyTURRd09URTNNekl5TWxvd0x6RXRNQ3NHQTFVRUF4TWtaRFkxCk1UQmxaRE10Wm1Zd1lTMDBZVEJpTFdJeE4yRXRPVEEwWVRGak0yUXlabUl5TUlJQklqQU5CZ2txaGtpRzl3MEIKQVFFRkFBT0NBUThBTUlJQkNnS0NBUUVBbVRsVDF1clFzMElYZmY4b3pSYzhCUDh3YlNDS0tmL0lleGVsV2xZMwpZb09tS0NubFFIZnpxMkpKWnYzTVRwR1RYL1NCUTVsbXlmMnNNUjJob2xtdzlNWndUYnZJZzhtZlhsQXpxM0hHCjJpSlVEL0E1clRZeHNtWGIvS3Q0WEtONi9MZzU4U0Q3a29GVTNqZWJEUkg2WG4rNjA0RE52Tkhia2RSN25tV0wKaFA1TjM5UVZyV0ptVDFOazRDLzA3RElFNGZLdS9yT05rM0hzdGJhSTNCM29PTUxNclpWOWpjR1pzS1hKMWpDVAo3dnk3UzBuYWJQRDRXTVN6eGRwM2ZaL0dLZTNiL0Znc2g3ZWlhTjBlTXAwOUhLcTNyUXpZcWp2TXlYdW43STViCjFJdEpWZnN0TFcwVXBYZEkvR0FDYmdXbmJzSVZabE1JZHdUY3dXTU56aEUyWndJREFRQUJvMEl3UURBT0JnTlYKSFE4QkFmOEVCQU1DQWdRd0R3WURWUjBUQVFIL0JBVXdBd0VCL3pBZEJnTlZIUTRFRmdRVW5adlFramx0cExvWgpMU1BqMDAwYmRyUllLc1F3RFFZSktvWklodmNOQVFFTEJRQURnZ0VCQUFRVHpqY0NoWlZaWmtVWCtWd2pYOUNDCmJOc1M0Mzl4RnRvTjB4c0g5VnJ6K1VhUnpwcmdwb0szazFUSVVjTXdYaW5mcWFMTW5wMlBaMEdEUlN1WENacUUKcWh5VzEyZlVHZ0cvYzdiaFM5WklsNjVZR1lRMFRtTGNRK0FqTE5NdG5MQkh0Z1VYcng4Ujc4UmNKYXhvYjdDRwpwUTd5d3RnelJlWXdRWVluSnVQdzdkU0dPdEk2TzFxK1JOSkhQM3BlRHNPOVlRei80YzNGanZFZHBzR2l5SmpCCklBcG1Zcm1QUVpsR3hCMHAzNkFLKzhwL2xrQi8yclJlb2Z2T3o2T3p1TzVxa2s5clJkN0dnL3FqdHNobEM2ekcKeCttcythM3MyVkFqdzRSS3FpN1lLaDE1NWo0azZGUUg2TnN6SjBhdGNRWDhMN1NOYk9Hc2hFTWZwR0pVbklVPQotLS0tLUVORCBDRVJUSUZJQ0FURS0tLS0tCg==",
                "password": "",
                "username": ""
              }
            ],
            "master_authorized_networks_config": [],
            "master_version": "1.18.16-gke.502",
            "min_master_version": null,
            "monitoring_service": "monitoring.googleapis.com/kubernetes",
            "name": "projecto-demo-290916-gke",
            "network": "projects/projecto-demo-290916/global/networks/projecto-demo-290916-vpc",
            "network_policy": [
              {
                "enabled": false,
                "provider": "PROVIDER_UNSPECIFIED"
              }
            ],
            "node_config": [
              {
                "disk_size_gb": 100,
                "disk_type": "pd-standard",
                "guest_accelerator": [],
                "image_type": "COS",
                "labels": {
                  "env": "projecto-demo-290916"
                },
                "local_ssd_count": 0,
                "machine_type": "n1-standard-1",
                "metadata": {
                  "disable-legacy-endpoints": "true"
                },
                "min_cpu_platform": "",
                "oauth_scopes": [
                  "https://www.googleapis.com/auth/cloud-platform"
                ],
                "preemptible": false,
                "service_account": "tfg-account@projecto-demo-290916.iam.gserviceaccount.com",
                "shielded_instance_config": [
                  {
                    "enable_integrity_monitoring": true,
                    "enable_secure_boot": false
                  }
                ],
                "tags": [
                  "gke-node",
                  "projecto-demo-290916-gke"
                ],
                "taint": [],
                "workload_metadata_config": []
              }
            ],
            "node_locations": [],
            "node_pool": [
              {
                "autoscaling": [],
                "initial_node_count": 3,
                "instance_group_urls": [
                  "https://www.googleapis.com/compute/v1/projects/projecto-demo-290916/zones/europe-west1-b/instanceGroupManagers/gke-projecto-demo-29-projecto-demo-29-25df8634-grp"
                ],
                "management": [
                  {
                    "auto_repair": true,
                    "auto_upgrade": true
                  }
                ],
                "max_pods_per_node": 0,
                "name": "projecto-demo-290916-gke-node-pool",
                "name_prefix": "",
                "node_config": [
                  {
                    "disk_size_gb": 100,
                    "disk_type": "pd-standard",
                    "guest_accelerator": [],
                    "image_type": "COS",
                    "labels": {
                      "env": "projecto-demo-290916"
                    },
                    "local_ssd_count": 0,
                    "machine_type": "n1-standard-1",
                    "metadata": {
                      "disable-legacy-endpoints": "true"
                    },
                    "min_cpu_platform": "",
                    "oauth_scopes": [
                      "https://www.googleapis.com/auth/cloud-platform"
                    ],
                    "preemptible": false,
                    "service_account": "tfg-account@projecto-demo-290916.iam.gserviceaccount.com",
                    "shielded_instance_config": [
                      {
                        "enable_integrity_monitoring": true,
                        "enable_secure_boot": false
                      }
                    ],
                    "tags": [
                      "gke-node",
                      "projecto-demo-290916-gke"
                    ],
                    "taint": [],
                    "workload_metadata_config": []
                  }
                ],
                "node_count": 3,
                "node_locations": [
                  "europe-west1-b"
                ],
                "upgrade_settings": [
                  {
                    "max_surge": 1,
                    "max_unavailable": 0
                  }
                ],
                "version": "1.18.16-gke.502"
              }
            ],
            "node_version": "1.18.16-gke.502",
            "operation": null,
            "pod_security_policy_config": [],
            "private_cluster_config": [],
            "project": "projecto-demo-290916",
            "release_channel": [
              {
                "channel": "REGULAR"
              }
            ],
            "remove_default_node_pool": true,
            "resource_labels": {},
            "resource_usage_export_config": [],
            "self_link": "https://container.googleapis.com/v1beta1/projects/projecto-demo-290916/zones/europe-west1-b/clusters/projecto-demo-290916-gke",
            "services_ipv4_cidr": "10.155.240.0/20",
            "subnetwork": "projects/projecto-demo-290916/regions/europe-west1/subnetworks/projecto-demo-290916-subnet",
            "timeouts": null,
            "vertical_pod_autoscaling": [],
            "workload_identity_config": []
          },
          "sensitive_attributes": [],
          "private": "eyJlMmJmYjczMC1lY2FhLTExZTYtOGY4OC0zNDM2M2JjN2M0YzAiOnsiY3JlYXRlIjoyNDAwMDAwMDAwMDAwLCJkZWxldGUiOjI0MDAwMDAwMDAwMDAsInJlYWQiOjI0MDAwMDAwMDAwMDAsInVwZGF0ZSI6MzYwMDAwMDAwMDAwMH0sInNjaGVtYV92ZXJzaW9uIjoiMSJ9",
          "dependencies": [
            "google_compute_network.vpc",
            "google_compute_subnetwork.subnet"
          ]
        }
      ]
    },
    {
      "mode": "managed",
      "type": "google_container_node_pool",
      "name": "primary_nodes",
      "provider": "provider[\"registry.terraform.io/hashicorp/google\"]",
      "instances": [
        {
          "schema_version": 1,
          "attributes": {
            "autoscaling": [],
            "cluster": "projecto-demo-290916-gke",
            "id": "projects/projecto-demo-290916/locations/europe-west1-b/clusters/projecto-demo-290916-gke/nodePools/projecto-demo-290916-gke-node-pool",
            "initial_node_count": 3,
            "instance_group_urls": [
              "https://www.googleapis.com/compute/v1/projects/projecto-demo-290916/zones/europe-west1-b/instanceGroupManagers/gke-projecto-demo-29-projecto-demo-29-25df8634-grp"
            ],
            "location": "europe-west1-b",
            "management": [
              {
                "auto_repair": true,
                "auto_upgrade": true
              }
            ],
            "max_pods_per_node": null,
            "name": "projecto-demo-290916-gke-node-pool",
            "name_prefix": "",
            "node_config": [
              {
                "disk_size_gb": 100,
                "disk_type": "pd-standard",
                "guest_accelerator": [],
                "image_type": "COS",
                "labels": {
                  "env": "projecto-demo-290916"
                },
                "local_ssd_count": 0,
                "machine_type": "n1-standard-1",
                "metadata": {
                  "disable-legacy-endpoints": "true"
                },
                "min_cpu_platform": "",
                "oauth_scopes": [
                  "https://www.googleapis.com/auth/cloud-platform"
                ],
                "preemptible": false,
                "service_account": "tfg-account@projecto-demo-290916.iam.gserviceaccount.com",
                "shielded_instance_config": [
                  {
                    "enable_integrity_monitoring": true,
                    "enable_secure_boot": false
                  }
                ],
                "tags": [
                  "gke-node",
                  "projecto-demo-290916-gke"
                ],
                "taint": [],
                "workload_metadata_config": []
              }
            ],
            "node_count": 3,
            "node_locations": [
              "europe-west1-b"
            ],
            "project": "projecto-demo-290916",
            "timeouts": null,
            "upgrade_settings": [
              {
                "max_surge": 1,
                "max_unavailable": 0
              }
            ],
            "version": "1.18.16-gke.502"
          },
          "sensitive_attributes": [],
          "private": "eyJlMmJmYjczMC1lY2FhLTExZTYtOGY4OC0zNDM2M2JjN2M0YzAiOnsiY3JlYXRlIjoxODAwMDAwMDAwMDAwLCJkZWxldGUiOjE4MDAwMDAwMDAwMDAsInVwZGF0ZSI6MTgwMDAwMDAwMDAwMH0sInNjaGVtYV92ZXJzaW9uIjoiMSJ9",
          "dependencies": [
            "google_compute_network.vpc",
            "google_compute_subnetwork.subnet",
            "google_container_cluster.primary",
            "google_service_account.tfg_account"
          ]
        }
      ]
    },
    {
      "mode": "managed",
      "type": "google_service_account",
      "name": "tfg_account",
      "provider": "provider[\"registry.terraform.io/hashicorp/google\"]",
      "instances": [
        {
          "schema_version": 0,
          "attributes": {
            "account_id": "tfg-account",
            "description": "",
            "display_name": "Service Account",
            "email": "tfg-account@projecto-demo-290916.iam.gserviceaccount.com",
            "id": "projects/projecto-demo-290916/serviceAccounts/tfg-account@projecto-demo-290916.iam.gserviceaccount.com",
            "name": "projects/projecto-demo-290916/serviceAccounts/tfg-account@projecto-demo-290916.iam.gserviceaccount.com",
            "project": "projecto-demo-290916",
            "timeouts": null,
            "unique_id": "112784659488087622278"
          },
          "sensitive_attributes": [],
          "private": "eyJlMmJmYjczMC1lY2FhLTExZTYtOGY4OC0zNDM2M2JjN2M0YzAiOnsiY3JlYXRlIjozMDAwMDAwMDAwMDB9fQ=="
        }
      ]
    },
    {
      "mode": "managed",
      "type": "kubernetes_deployment",
      "name": "nginx_deployment",
      "provider": "provider[\"registry.terraform.io/hashicorp/kubernetes\"]",
      "instances": []
    }
  ]
}
